
Microsoft Visual Studio Solution File, Format Version 12.00
# Visual Studio Version 17
VisualStudioVersion = 17.7.34202.233
MinimumVisualStudioVersion = 10.0.40219.1
Project("{FAE04EC0-301F-11D3-BF4B-00C04F79EFBC}") = "Estudiante_Calificacion-26-1-24", "Estudiante_Calificacion-26-1-24.csproj", "{C6FF6646-7B46-4EB3-81FA-FD61C9ADF846}"
EndProject
Global
	GlobalSection(SolutionConfigurationPlatforms) = preSolution
		Debug|Any CPU = Debug|Any CPU
		Release|Any CPU = Release|Any CPU
	EndGlobalSection
	GlobalSection(ProjectConfigurationPlatforms) = postSolution
		{C6FF6646-7B46-4EB3-81FA-FD61C9ADF846}.Debug|Any CPU.ActiveCfg = Debug|Any CPU
		{C6FF6646-7B46-4EB3-81FA-FD61C9ADF846}.Debug|Any CPU.Build.0 = Debug|Any CPU
		{C6FF6646-7B46-4EB3-81FA-FD61C9ADF846}.Release|Any CPU.ActiveCfg = Release|Any CPU
		{C6FF6646-7B46-4EB3-81FA-FD61C9ADF846}.Release|Any CPU.Build.0 = Release|Any CPU
	EndGlobalSection
	GlobalSection(SolutionProperties) = preSolution
		HideSolutionNode = FALSE
	EndGlobalSection
	GlobalSection(ExtensibilityGlobals) = postSolution
		SolutionGuid = {7A78ED65-8B75-4F22-A42E-1DA0F89C1FDB}
	EndGlobalSection
EndGlobal
